
Microsoft Visual Studio Solution File, Format Version 12.00
# Visual Studio 2012
Project("{FAE04EC0-301F-11D3-BF4B-00C04F79EFBC}") = "S3BucketUpdateTask", "S3BucketUpdateTask\S3BucketUpdateTask.csproj", "{437AE94C-916B-4E85-BE7F-3938F1272A57}"
EndProject
Project("{FAE04EC0-301F-11D3-BF4B-00C04F79EFBC}") = "S3BucketUpdateTask.Tests", "S3BucketUpdateTask.Tests\S3BucketUpdateTask.Tests.csproj", "{ED5D8E76-DCE5-425C-9AE7-2D5883E42D80}"
EndProject
Global
	GlobalSection(SolutionConfigurationPlatforms) = preSolution
		Debug|Any CPU = Debug|Any CPU
		Release|Any CPU = Release|Any CPU
	EndGlobalSection
	GlobalSection(ProjectConfigurationPlatforms) = postSolution
		{437AE94C-916B-4E85-BE7F-3938F1272A57}.Debug|Any CPU.ActiveCfg = Debug|Any CPU
		{437AE94C-916B-4E85-BE7F-3938F1272A57}.Debug|Any CPU.Build.0 = Debug|Any CPU
		{437AE94C-916B-4E85-BE7F-3938F1272A57}.Release|Any CPU.ActiveCfg = Release|Any CPU
		{437AE94C-916B-4E85-BE7F-3938F1272A57}.Release|Any CPU.Build.0 = Release|Any CPU
		{ED5D8E76-DCE5-425C-9AE7-2D5883E42D80}.Debug|Any CPU.ActiveCfg = Debug|Any CPU
		{ED5D8E76-DCE5-425C-9AE7-2D5883E42D80}.Debug|Any CPU.Build.0 = Debug|Any CPU
		{ED5D8E76-DCE5-425C-9AE7-2D5883E42D80}.Release|Any CPU.ActiveCfg = Release|Any CPU
		{ED5D8E76-DCE5-425C-9AE7-2D5883E42D80}.Release|Any CPU.Build.0 = Release|Any CPU
	EndGlobalSection
	GlobalSection(SolutionProperties) = preSolution
		HideSolutionNode = FALSE
	EndGlobalSection
EndGlobal
